using Microsoft.VisualBasic;
using System;
using System.Collections.Specialized;

public class ExtraActivity
{
    private string name;
    private Employee director;

    public ExtraActivity(string name, Employee director)
    {
        this.name = name;
        this.director = director;



    }
}
